
Microsoft Visual Studio Solution File, Format Version 12.00
# Visual Studio 15
VisualStudioVersion = 15.0.26124.0
MinimumVisualStudioVersion = 15.0.26124.0
Project("{FAE04EC0-301F-11D3-BF4B-00C04F79EFBC}") = "Domain", "Domain\Domain.csproj", "{4D90D890-8551-492D-94DB-21CEF569A901}"
EndProject
Project("{FAE04EC0-301F-11D3-BF4B-00C04F79EFBC}") = "Application", "Application\Application.csproj", "{0C6BB31E-3D2B-48C9-BDB7-D0E2F6CD12D1}"
EndProject
Project("{FAE04EC0-301F-11D3-BF4B-00C04F79EFBC}") = "Persistence", "Persistence\Persistence.csproj", "{60C0BF8C-477C-408A-8019-760853619540}"
EndProject
Project("{FAE04EC0-301F-11D3-BF4B-00C04F79EFBC}") = "API", "API\API.csproj", "{5B8F1528-D011-4E6A-AE7A-ACD47A224451}"
EndProject
Project("{FAE04EC0-301F-11D3-BF4B-00C04F79EFBC}") = "Infrastructure", "Infrastructure\Infrastructure.csproj", "{F8DEFDB7-8754-45F6-8EC1-EF588436353E}"
EndProject
Global
	GlobalSection(SolutionConfigurationPlatforms) = preSolution
		Debug|Any CPU = Debug|Any CPU
		Debug|x64 = Debug|x64
		Debug|x86 = Debug|x86
		Release|Any CPU = Release|Any CPU
		Release|x64 = Release|x64
		Release|x86 = Release|x86
	EndGlobalSection
	GlobalSection(SolutionProperties) = preSolution
		HideSolutionNode = FALSE
	EndGlobalSection
	GlobalSection(ProjectConfigurationPlatforms) = postSolution
		{4D90D890-8551-492D-94DB-21CEF569A901}.Debug|Any CPU.ActiveCfg = Debug|Any CPU
		{4D90D890-8551-492D-94DB-21CEF569A901}.Debug|Any CPU.Build.0 = Debug|Any CPU
		{4D90D890-8551-492D-94DB-21CEF569A901}.Debug|x64.ActiveCfg = Debug|Any CPU
		{4D90D890-8551-492D-94DB-21CEF569A901}.Debug|x64.Build.0 = Debug|Any CPU
		{4D90D890-8551-492D-94DB-21CEF569A901}.Debug|x86.ActiveCfg = Debug|Any CPU
		{4D90D890-8551-492D-94DB-21CEF569A901}.Debug|x86.Build.0 = Debug|Any CPU
		{4D90D890-8551-492D-94DB-21CEF569A901}.Release|Any CPU.ActiveCfg = Release|Any CPU
		{4D90D890-8551-492D-94DB-21CEF569A901}.Release|Any CPU.Build.0 = Release|Any CPU
		{4D90D890-8551-492D-94DB-21CEF569A901}.Release|x64.ActiveCfg = Release|Any CPU
		{4D90D890-8551-492D-94DB-21CEF569A901}.Release|x64.Build.0 = Release|Any CPU
		{4D90D890-8551-492D-94DB-21CEF569A901}.Release|x86.ActiveCfg = Release|Any CPU
		{4D90D890-8551-492D-94DB-21CEF569A901}.Release|x86.Build.0 = Release|Any CPU
		{0C6BB31E-3D2B-48C9-BDB7-D0E2F6CD12D1}.Debug|Any CPU.ActiveCfg = Debug|Any CPU
		{0C6BB31E-3D2B-48C9-BDB7-D0E2F6CD12D1}.Debug|Any CPU.Build.0 = Debug|Any CPU
		{0C6BB31E-3D2B-48C9-BDB7-D0E2F6CD12D1}.Debug|x64.ActiveCfg = Debug|Any CPU
		{0C6BB31E-3D2B-48C9-BDB7-D0E2F6CD12D1}.Debug|x64.Build.0 = Debug|Any CPU
		{0C6BB31E-3D2B-48C9-BDB7-D0E2F6CD12D1}.Debug|x86.ActiveCfg = Debug|Any CPU
		{0C6BB31E-3D2B-48C9-BDB7-D0E2F6CD12D1}.Debug|x86.Build.0 = Debug|Any CPU
		{0C6BB31E-3D2B-48C9-BDB7-D0E2F6CD12D1}.Release|Any CPU.ActiveCfg = Release|Any CPU
		{0C6BB31E-3D2B-48C9-BDB7-D0E2F6CD12D1}.Release|Any CPU.Build.0 = Release|Any CPU
		{0C6BB31E-3D2B-48C9-BDB7-D0E2F6CD12D1}.Release|x64.ActiveCfg = Release|Any CPU
		{0C6BB31E-3D2B-48C9-BDB7-D0E2F6CD12D1}.Release|x64.Build.0 = Release|Any CPU
		{0C6BB31E-3D2B-48C9-BDB7-D0E2F6CD12D1}.Release|x86.ActiveCfg = Release|Any CPU
		{0C6BB31E-3D2B-48C9-BDB7-D0E2F6CD12D1}.Release|x86.Build.0 = Release|Any CPU
		{60C0BF8C-477C-408A-8019-760853619540}.Debug|Any CPU.ActiveCfg = Debug|Any CPU
		{60C0BF8C-477C-408A-8019-760853619540}.Debug|Any CPU.Build.0 = Debug|Any CPU
		{60C0BF8C-477C-408A-8019-760853619540}.Debug|x64.ActiveCfg = Debug|Any CPU
		{60C0BF8C-477C-408A-8019-760853619540}.Debug|x64.Build.0 = Debug|Any CPU
		{60C0BF8C-477C-408A-8019-760853619540}.Debug|x86.ActiveCfg = Debug|Any CPU
		{60C0BF8C-477C-408A-8019-760853619540}.Debug|x86.Build.0 = Debug|Any CPU
		{60C0BF8C-477C-408A-8019-760853619540}.Release|Any CPU.ActiveCfg = Release|Any CPU
		{60C0BF8C-477C-408A-8019-760853619540}.Release|Any CPU.Build.0 = Release|Any CPU
		{60C0BF8C-477C-408A-8019-760853619540}.Release|x64.ActiveCfg = Release|Any CPU
		{60C0BF8C-477C-408A-8019-760853619540}.Release|x64.Build.0 = Release|Any CPU
		{60C0BF8C-477C-408A-8019-760853619540}.Release|x86.ActiveCfg = Release|Any CPU
		{60C0BF8C-477C-408A-8019-760853619540}.Release|x86.Build.0 = Release|Any CPU
		{5B8F1528-D011-4E6A-AE7A-ACD47A224451}.Debug|Any CPU.ActiveCfg = Debug|Any CPU
		{5B8F1528-D011-4E6A-AE7A-ACD47A224451}.Debug|Any CPU.Build.0 = Debug|Any CPU
		{5B8F1528-D011-4E6A-AE7A-ACD47A224451}.Debug|x64.ActiveCfg = Debug|Any CPU
		{5B8F1528-D011-4E6A-AE7A-ACD47A224451}.Debug|x64.Build.0 = Debug|Any CPU
		{5B8F1528-D011-4E6A-AE7A-ACD47A224451}.Debug|x86.ActiveCfg = Debug|Any CPU
		{5B8F1528-D011-4E6A-AE7A-ACD47A224451}.Debug|x86.Build.0 = Debug|Any CPU
		{5B8F1528-D011-4E6A-AE7A-ACD47A224451}.Release|Any CPU.ActiveCfg = Release|Any CPU
		{5B8F1528-D011-4E6A-AE7A-ACD47A224451}.Release|Any CPU.Build.0 = Release|Any CPU
		{5B8F1528-D011-4E6A-AE7A-ACD47A224451}.Release|x64.ActiveCfg = Release|Any CPU
		{5B8F1528-D011-4E6A-AE7A-ACD47A224451}.Release|x64.Build.0 = Release|Any CPU
		{5B8F1528-D011-4E6A-AE7A-ACD47A224451}.Release|x86.ActiveCfg = Release|Any CPU
		{5B8F1528-D011-4E6A-AE7A-ACD47A224451}.Release|x86.Build.0 = Release|Any CPU
		{F8DEFDB7-8754-45F6-8EC1-EF588436353E}.Debug|Any CPU.ActiveCfg = Debug|Any CPU
		{F8DEFDB7-8754-45F6-8EC1-EF588436353E}.Debug|Any CPU.Build.0 = Debug|Any CPU
		{F8DEFDB7-8754-45F6-8EC1-EF588436353E}.Debug|x64.ActiveCfg = Debug|Any CPU
		{F8DEFDB7-8754-45F6-8EC1-EF588436353E}.Debug|x64.Build.0 = Debug|Any CPU
		{F8DEFDB7-8754-45F6-8EC1-EF588436353E}.Debug|x86.ActiveCfg = Debug|Any CPU
		{F8DEFDB7-8754-45F6-8EC1-EF588436353E}.Debug|x86.Build.0 = Debug|Any CPU
		{F8DEFDB7-8754-45F6-8EC1-EF588436353E}.Release|Any CPU.ActiveCfg = Release|Any CPU
		{F8DEFDB7-8754-45F6-8EC1-EF588436353E}.Release|Any CPU.Build.0 = Release|Any CPU
		{F8DEFDB7-8754-45F6-8EC1-EF588436353E}.Release|x64.ActiveCfg = Release|Any CPU
		{F8DEFDB7-8754-45F6-8EC1-EF588436353E}.Release|x64.Build.0 = Release|Any CPU
		{F8DEFDB7-8754-45F6-8EC1-EF588436353E}.Release|x86.ActiveCfg = Release|Any CPU
		{F8DEFDB7-8754-45F6-8EC1-EF588436353E}.Release|x86.Build.0 = Release|Any CPU
	EndGlobalSection
EndGlobal
